
Microsoft Visual Studio Solution File, Format Version 12.00
# Visual Studio Version 17
VisualStudioVersion = 17.13.35825.156 d17.13
MinimumVisualStudioVersion = 10.0.40219.1
Project("{FAE04EC0-301F-11D3-BF4B-00C04F79EFBC}") = "Generic-Repository", "Generic-Repository.csproj", "{EBB0E8CA-BA68-43A4-B70B-253EAD8D254D}"
EndProject
Global
	GlobalSection(SolutionConfigurationPlatforms) = preSolution
		Debug|Any CPU = Debug|Any CPU
		Release|Any CPU = Release|Any CPU
	EndGlobalSection
	GlobalSection(ProjectConfigurationPlatforms) = postSolution
		{EBB0E8CA-BA68-43A4-B70B-253EAD8D254D}.Debug|Any CPU.ActiveCfg = Debug|Any CPU
		{EBB0E8CA-BA68-43A4-B70B-253EAD8D254D}.Debug|Any CPU.Build.0 = Debug|Any CPU
		{EBB0E8CA-BA68-43A4-B70B-253EAD8D254D}.Release|Any CPU.ActiveCfg = Release|Any CPU
		{EBB0E8CA-BA68-43A4-B70B-253EAD8D254D}.Release|Any CPU.Build.0 = Release|Any CPU
	EndGlobalSection
	GlobalSection(SolutionProperties) = preSolution
		HideSolutionNode = FALSE
	EndGlobalSection
	GlobalSection(ExtensibilityGlobals) = postSolution
		SolutionGuid = {E4C9E846-EFFE-4C78-A470-66A7D4E40A8C}
	EndGlobalSection
EndGlobal
